
Microsoft Visual Studio Solution File, Format Version 12.00
# Visual Studio 15
VisualStudioVersion = 15.0.28307.757
MinimumVisualStudioVersion = 10.0.40219.1
Project("{8BC9CEB8-8B4A-11D0-8D11-00A0C91BC942}") = "AvalonCore", "src\AvalonCore\AvalonCore_2017.vcxproj", "{290BFFAB-0A7F-4DE9-886D-6F6B86B18B45}"
EndProject
Project("{8BC9CEB8-8B4A-11D0-8D11-00A0C91BC942}") = "AvalonThread", "src\AvalonThread\AvalonThread_2017.vcxproj", "{9D0D9093-9279-495E-A303-46E58BA6B3DC}"
	ProjectSection(ProjectDependencies) = postProject
		{290BFFAB-0A7F-4DE9-886D-6F6B86B18B45} = {290BFFAB-0A7F-4DE9-886D-6F6B86B18B45}
	EndProjectSection
EndProject
Project("{8BC9CEB8-8B4A-11D0-8D11-00A0C91BC942}") = "AvalonNetwork", "src\AvalonNetwork\AvalonNetwork_2017.vcxproj", "{0F8C6E38-E21B-4063-9FD2-6C9BAB3F69A1}"
EndProject
Project("{8BC9CEB8-8B4A-11D0-8D11-00A0C91BC942}") = "AvalonLogger", "src\AvalonLogger\AvalonLogger_2017.vcxproj", "{064898A4-478E-4397-8F41-2844D497AAE2}"
EndProject
Project("{8BC9CEB8-8B4A-11D0-8D11-00A0C91BC942}") = "AvalonFramework", "src\AvalonFramework\AvalonFramework_2017.vcxproj", "{4A5358C5-35BD-43B6-B4FD-22A1A691BB4A}"
EndProject
Project("{8BC9CEB8-8B4A-11D0-8D11-00A0C91BC942}") = "AvalonXml", "src\AvalonXml\AvalonXml_2017.vcxproj", "{B2026579-0015-4A6C-840E-C8DA96238167}"
EndProject
Project("{8BC9CEB8-8B4A-11D0-8D11-00A0C91BC942}") = "AvalonDatabase", "src\AvalonDatabase\AvalonDatabase_2017.vcxproj", "{82DBABEF-F9FB-44C4-A11B-22798EA34049}"
EndProject
Project("{8BC9CEB8-8B4A-11D0-8D11-00A0C91BC942}") = "testcore", "src\testcore\testcore_2017.vcxproj", "{3671C83F-294A-4866-8707-FF79D3E4FB67}"
EndProject
Project("{8BC9CEB8-8B4A-11D0-8D11-00A0C91BC942}") = "testserver", "src\testnetwork\testnetwork_2017.vcxproj", "{C281CC48-39B0-42E2-8B64-77995DE914F2}"
	ProjectSection(ProjectDependencies) = postProject
		{0F8C6E38-E21B-4063-9FD2-6C9BAB3F69A1} = {0F8C6E38-E21B-4063-9FD2-6C9BAB3F69A1}
		{B2026579-0015-4A6C-840E-C8DA96238167} = {B2026579-0015-4A6C-840E-C8DA96238167}
		{9D0D9093-9279-495E-A303-46E58BA6B3DC} = {9D0D9093-9279-495E-A303-46E58BA6B3DC}
		{064898A4-478E-4397-8F41-2844D497AAE2} = {064898A4-478E-4397-8F41-2844D497AAE2}
		{290BFFAB-0A7F-4DE9-886D-6F6B86B18B45} = {290BFFAB-0A7F-4DE9-886D-6F6B86B18B45}
		{4A5358C5-35BD-43B6-B4FD-22A1A691BB4A} = {4A5358C5-35BD-43B6-B4FD-22A1A691BB4A}
		{82DBABEF-F9FB-44C4-A11B-22798EA34049} = {82DBABEF-F9FB-44C4-A11B-22798EA34049}
	EndProjectSection
EndProject
Project("{8BC9CEB8-8B4A-11D0-8D11-00A0C91BC942}") = "testclient", "src\testclient\testclient_2017.vcxproj", "{13468133-3405-465C-A91D-809821E1EE70}"
	ProjectSection(ProjectDependencies) = postProject
		{0F8C6E38-E21B-4063-9FD2-6C9BAB3F69A1} = {0F8C6E38-E21B-4063-9FD2-6C9BAB3F69A1}
		{B2026579-0015-4A6C-840E-C8DA96238167} = {B2026579-0015-4A6C-840E-C8DA96238167}
		{9D0D9093-9279-495E-A303-46E58BA6B3DC} = {9D0D9093-9279-495E-A303-46E58BA6B3DC}
		{064898A4-478E-4397-8F41-2844D497AAE2} = {064898A4-478E-4397-8F41-2844D497AAE2}
		{290BFFAB-0A7F-4DE9-886D-6F6B86B18B45} = {290BFFAB-0A7F-4DE9-886D-6F6B86B18B45}
		{4A5358C5-35BD-43B6-B4FD-22A1A691BB4A} = {4A5358C5-35BD-43B6-B4FD-22A1A691BB4A}
		{82DBABEF-F9FB-44C4-A11B-22798EA34049} = {82DBABEF-F9FB-44C4-A11B-22798EA34049}
	EndProjectSection
EndProject
Project("{8BC9CEB8-8B4A-11D0-8D11-00A0C91BC942}") = "AvalonGame", "src\AvalonGame\AvalonGame_2017.vcxproj", "{4E734C44-E14F-4F29-A3AE-C39E778DABF4}"
EndProject
Project("{8BC9CEB8-8B4A-11D0-8D11-00A0C91BC942}") = "AvalonScript", "src\AvalonScript\AvalonScript_2017.vcxproj", "{BAE26D5E-916B-4863-85B7-9A0E8BB64261}"
EndProject
Project("{8BC9CEB8-8B4A-11D0-8D11-00A0C91BC942}") = "AvalonCodec", "src\AvalonCodec\AvalonCodec_2017.vcxproj", "{1FB555FE-285E-46BE-827E-79B12EEDC472}"
EndProject
Project("{8BC9CEB8-8B4A-11D0-8D11-00A0C91BC942}") = "enet", "src\enet\enet_2017.vcxproj", "{BA049D91-A285-46E7-8C7E-592A310979B1}"
EndProject
Global
	GlobalSection(SolutionConfigurationPlatforms) = preSolution
		Debug|ARM = Debug|ARM
		Debug|Win32 = Debug|Win32
		Debug|x64 = Debug|x64
		Release|ARM = Release|ARM
		Release|Win32 = Release|Win32
		Release|x64 = Release|x64
	EndGlobalSection
	GlobalSection(ProjectConfigurationPlatforms) = postSolution
		{290BFFAB-0A7F-4DE9-886D-6F6B86B18B45}.Debug|ARM.ActiveCfg = Debug|Win32
		{290BFFAB-0A7F-4DE9-886D-6F6B86B18B45}.Debug|Win32.ActiveCfg = Debug|Win32
		{290BFFAB-0A7F-4DE9-886D-6F6B86B18B45}.Debug|Win32.Build.0 = Debug|Win32
		{290BFFAB-0A7F-4DE9-886D-6F6B86B18B45}.Debug|x64.ActiveCfg = Debug|Win32
		{290BFFAB-0A7F-4DE9-886D-6F6B86B18B45}.Release|ARM.ActiveCfg = Release|Win32
		{290BFFAB-0A7F-4DE9-886D-6F6B86B18B45}.Release|Win32.ActiveCfg = Release|Win32
		{290BFFAB-0A7F-4DE9-886D-6F6B86B18B45}.Release|Win32.Build.0 = Release|Win32
		{290BFFAB-0A7F-4DE9-886D-6F6B86B18B45}.Release|x64.ActiveCfg = Release|Win32
		{9D0D9093-9279-495E-A303-46E58BA6B3DC}.Debug|ARM.ActiveCfg = Debug|Win32
		{9D0D9093-9279-495E-A303-46E58BA6B3DC}.Debug|Win32.ActiveCfg = Debug|Win32
		{9D0D9093-9279-495E-A303-46E58BA6B3DC}.Debug|Win32.Build.0 = Debug|Win32
		{9D0D9093-9279-495E-A303-46E58BA6B3DC}.Debug|x64.ActiveCfg = Debug|Win32
		{9D0D9093-9279-495E-A303-46E58BA6B3DC}.Release|ARM.ActiveCfg = Release|Win32
		{9D0D9093-9279-495E-A303-46E58BA6B3DC}.Release|Win32.ActiveCfg = Release|Win32
		{9D0D9093-9279-495E-A303-46E58BA6B3DC}.Release|Win32.Build.0 = Release|Win32
		{9D0D9093-9279-495E-A303-46E58BA6B3DC}.Release|x64.ActiveCfg = Release|Win32
		{0F8C6E38-E21B-4063-9FD2-6C9BAB3F69A1}.Debug|ARM.ActiveCfg = Debug|Win32
		{0F8C6E38-E21B-4063-9FD2-6C9BAB3F69A1}.Debug|Win32.ActiveCfg = Debug|Win32
		{0F8C6E38-E21B-4063-9FD2-6C9BAB3F69A1}.Debug|Win32.Build.0 = Debug|Win32
		{0F8C6E38-E21B-4063-9FD2-6C9BAB3F69A1}.Debug|x64.ActiveCfg = Debug|Win32
		{0F8C6E38-E21B-4063-9FD2-6C9BAB3F69A1}.Release|ARM.ActiveCfg = Release|Win32
		{0F8C6E38-E21B-4063-9FD2-6C9BAB3F69A1}.Release|Win32.ActiveCfg = Release|Win32
		{0F8C6E38-E21B-4063-9FD2-6C9BAB3F69A1}.Release|Win32.Build.0 = Release|Win32
		{0F8C6E38-E21B-4063-9FD2-6C9BAB3F69A1}.Release|x64.ActiveCfg = Release|Win32
		{064898A4-478E-4397-8F41-2844D497AAE2}.Debug|ARM.ActiveCfg = Debug|Win32
		{064898A4-478E-4397-8F41-2844D497AAE2}.Debug|Win32.ActiveCfg = Debug|Win32
		{064898A4-478E-4397-8F41-2844D497AAE2}.Debug|Win32.Build.0 = Debug|Win32
		{064898A4-478E-4397-8F41-2844D497AAE2}.Debug|x64.ActiveCfg = Debug|Win32
		{064898A4-478E-4397-8F41-2844D497AAE2}.Release|ARM.ActiveCfg = Release|Win32
		{064898A4-478E-4397-8F41-2844D497AAE2}.Release|Win32.ActiveCfg = Release|Win32
		{064898A4-478E-4397-8F41-2844D497AAE2}.Release|Win32.Build.0 = Release|Win32
		{064898A4-478E-4397-8F41-2844D497AAE2}.Release|x64.ActiveCfg = Release|Win32
		{4A5358C5-35BD-43B6-B4FD-22A1A691BB4A}.Debug|ARM.ActiveCfg = Debug|Win32
		{4A5358C5-35BD-43B6-B4FD-22A1A691BB4A}.Debug|Win32.ActiveCfg = Debug|Win32
		{4A5358C5-35BD-43B6-B4FD-22A1A691BB4A}.Debug|Win32.Build.0 = Debug|Win32
		{4A5358C5-35BD-43B6-B4FD-22A1A691BB4A}.Debug|x64.ActiveCfg = Debug|Win32
		{4A5358C5-35BD-43B6-B4FD-22A1A691BB4A}.Release|ARM.ActiveCfg = Release|Win32
		{4A5358C5-35BD-43B6-B4FD-22A1A691BB4A}.Release|Win32.ActiveCfg = Release|Win32
		{4A5358C5-35BD-43B6-B4FD-22A1A691BB4A}.Release|Win32.Build.0 = Release|Win32
		{4A5358C5-35BD-43B6-B4FD-22A1A691BB4A}.Release|x64.ActiveCfg = Release|Win32
		{B2026579-0015-4A6C-840E-C8DA96238167}.Debug|ARM.ActiveCfg = Debug|Win32
		{B2026579-0015-4A6C-840E-C8DA96238167}.Debug|Win32.ActiveCfg = Debug|Win32
		{B2026579-0015-4A6C-840E-C8DA96238167}.Debug|Win32.Build.0 = Debug|Win32
		{B2026579-0015-4A6C-840E-C8DA96238167}.Debug|x64.ActiveCfg = Debug|Win32
		{B2026579-0015-4A6C-840E-C8DA96238167}.Release|ARM.ActiveCfg = Release|Win32
		{B2026579-0015-4A6C-840E-C8DA96238167}.Release|Win32.ActiveCfg = Release|Win32
		{B2026579-0015-4A6C-840E-C8DA96238167}.Release|Win32.Build.0 = Release|Win32
		{B2026579-0015-4A6C-840E-C8DA96238167}.Release|x64.ActiveCfg = Release|Win32
		{82DBABEF-F9FB-44C4-A11B-22798EA34049}.Debug|ARM.ActiveCfg = Debug|Win32
		{82DBABEF-F9FB-44C4-A11B-22798EA34049}.Debug|Win32.ActiveCfg = Debug|Win32
		{82DBABEF-F9FB-44C4-A11B-22798EA34049}.Debug|Win32.Build.0 = Debug|Win32
		{82DBABEF-F9FB-44C4-A11B-22798EA34049}.Debug|x64.ActiveCfg = Debug|Win32
		{82DBABEF-F9FB-44C4-A11B-22798EA34049}.Release|ARM.ActiveCfg = Release|Win32
		{82DBABEF-F9FB-44C4-A11B-22798EA34049}.Release|Win32.ActiveCfg = Release|Win32
		{82DBABEF-F9FB-44C4-A11B-22798EA34049}.Release|Win32.Build.0 = Release|Win32
		{82DBABEF-F9FB-44C4-A11B-22798EA34049}.Release|x64.ActiveCfg = Release|Win32
		{3671C83F-294A-4866-8707-FF79D3E4FB67}.Debug|ARM.ActiveCfg = Debug|Win32
		{3671C83F-294A-4866-8707-FF79D3E4FB67}.Debug|Win32.ActiveCfg = Debug|Win32
		{3671C83F-294A-4866-8707-FF79D3E4FB67}.Debug|Win32.Build.0 = Debug|Win32
		{3671C83F-294A-4866-8707-FF79D3E4FB67}.Debug|x64.ActiveCfg = Debug|Win32
		{3671C83F-294A-4866-8707-FF79D3E4FB67}.Release|ARM.ActiveCfg = Release|Win32
		{3671C83F-294A-4866-8707-FF79D3E4FB67}.Release|Win32.ActiveCfg = Release|Win32
		{3671C83F-294A-4866-8707-FF79D3E4FB67}.Release|Win32.Build.0 = Release|Win32
		{3671C83F-294A-4866-8707-FF79D3E4FB67}.Release|x64.ActiveCfg = Release|Win32
		{C281CC48-39B0-42E2-8B64-77995DE914F2}.Debug|ARM.ActiveCfg = Debug|Win32
		{C281CC48-39B0-42E2-8B64-77995DE914F2}.Debug|Win32.ActiveCfg = Debug|Win32
		{C281CC48-39B0-42E2-8B64-77995DE914F2}.Debug|Win32.Build.0 = Debug|Win32
		{C281CC48-39B0-42E2-8B64-77995DE914F2}.Debug|x64.ActiveCfg = Debug|Win32
		{C281CC48-39B0-42E2-8B64-77995DE914F2}.Release|ARM.ActiveCfg = Release|Win32
		{C281CC48-39B0-42E2-8B64-77995DE914F2}.Release|Win32.ActiveCfg = Release|Win32
		{C281CC48-39B0-42E2-8B64-77995DE914F2}.Release|Win32.Build.0 = Release|Win32
		{C281CC48-39B0-42E2-8B64-77995DE914F2}.Release|x64.ActiveCfg = Release|Win32
		{13468133-3405-465C-A91D-809821E1EE70}.Debug|ARM.ActiveCfg = Debug|Win32
		{13468133-3405-465C-A91D-809821E1EE70}.Debug|Win32.ActiveCfg = Debug|Win32
		{13468133-3405-465C-A91D-809821E1EE70}.Debug|Win32.Build.0 = Debug|Win32
		{13468133-3405-465C-A91D-809821E1EE70}.Debug|x64.ActiveCfg = Debug|Win32
		{13468133-3405-465C-A91D-809821E1EE70}.Release|ARM.ActiveCfg = Release|Win32
		{13468133-3405-465C-A91D-809821E1EE70}.Release|Win32.ActiveCfg = Release|Win32
		{13468133-3405-465C-A91D-809821E1EE70}.Release|Win32.Build.0 = Release|Win32
		{13468133-3405-465C-A91D-809821E1EE70}.Release|x64.ActiveCfg = Release|Win32
		{4E734C44-E14F-4F29-A3AE-C39E778DABF4}.Debug|ARM.ActiveCfg = Debug|Win32
		{4E734C44-E14F-4F29-A3AE-C39E778DABF4}.Debug|Win32.ActiveCfg = Debug|Win32
		{4E734C44-E14F-4F29-A3AE-C39E778DABF4}.Debug|Win32.Build.0 = Debug|Win32
		{4E734C44-E14F-4F29-A3AE-C39E778DABF4}.Debug|x64.ActiveCfg = Debug|Win32
		{4E734C44-E14F-4F29-A3AE-C39E778DABF4}.Release|ARM.ActiveCfg = Release|Win32
		{4E734C44-E14F-4F29-A3AE-C39E778DABF4}.Release|Win32.ActiveCfg = Release|Win32
		{4E734C44-E14F-4F29-A3AE-C39E778DABF4}.Release|Win32.Build.0 = Release|Win32
		{4E734C44-E14F-4F29-A3AE-C39E778DABF4}.Release|x64.ActiveCfg = Release|Win32
		{BAE26D5E-916B-4863-85B7-9A0E8BB64261}.Debug|ARM.ActiveCfg = Debug|Win32
		{BAE26D5E-916B-4863-85B7-9A0E8BB64261}.Debug|Win32.ActiveCfg = Debug|Win32
		{BAE26D5E-916B-4863-85B7-9A0E8BB64261}.Debug|Win32.Build.0 = Debug|Win32
		{BAE26D5E-916B-4863-85B7-9A0E8BB64261}.Debug|x64.ActiveCfg = Debug|Win32
		{BAE26D5E-916B-4863-85B7-9A0E8BB64261}.Release|ARM.ActiveCfg = Release|Win32
		{BAE26D5E-916B-4863-85B7-9A0E8BB64261}.Release|Win32.ActiveCfg = Release|Win32
		{BAE26D5E-916B-4863-85B7-9A0E8BB64261}.Release|Win32.Build.0 = Release|Win32
		{BAE26D5E-916B-4863-85B7-9A0E8BB64261}.Release|x64.ActiveCfg = Release|Win32
		{1FB555FE-285E-46BE-827E-79B12EEDC472}.Debug|ARM.ActiveCfg = Debug|Win32
		{1FB555FE-285E-46BE-827E-79B12EEDC472}.Debug|Win32.ActiveCfg = Debug|Win32
		{1FB555FE-285E-46BE-827E-79B12EEDC472}.Debug|Win32.Build.0 = Debug|Win32
		{1FB555FE-285E-46BE-827E-79B12EEDC472}.Debug|x64.ActiveCfg = Debug|Win32
		{1FB555FE-285E-46BE-827E-79B12EEDC472}.Release|ARM.ActiveCfg = Release|Win32
		{1FB555FE-285E-46BE-827E-79B12EEDC472}.Release|Win32.ActiveCfg = Release|Win32
		{1FB555FE-285E-46BE-827E-79B12EEDC472}.Release|Win32.Build.0 = Release|Win32
		{1FB555FE-285E-46BE-827E-79B12EEDC472}.Release|x64.ActiveCfg = Release|Win32
		{BA049D91-A285-46E7-8C7E-592A310979B1}.Debug|ARM.ActiveCfg = Debug|Win32
		{BA049D91-A285-46E7-8C7E-592A310979B1}.Debug|Win32.ActiveCfg = Debug|Win32
		{BA049D91-A285-46E7-8C7E-592A310979B1}.Debug|Win32.Build.0 = Debug|Win32
		{BA049D91-A285-46E7-8C7E-592A310979B1}.Debug|x64.ActiveCfg = Debug|Win32
		{BA049D91-A285-46E7-8C7E-592A310979B1}.Release|ARM.ActiveCfg = Release|Win32
		{BA049D91-A285-46E7-8C7E-592A310979B1}.Release|Win32.ActiveCfg = Release|Win32
		{BA049D91-A285-46E7-8C7E-592A310979B1}.Release|Win32.Build.0 = Release|Win32
		{BA049D91-A285-46E7-8C7E-592A310979B1}.Release|x64.ActiveCfg = Release|Win32
	EndGlobalSection
	GlobalSection(SolutionProperties) = preSolution
		HideSolutionNode = FALSE
	EndGlobalSection
	GlobalSection(ExtensibilityGlobals) = postSolution
		SolutionGuid = {D500F99D-92AD-472A-B571-8DD2DC3C5F73}
	EndGlobalSection
EndGlobal
