// !$*UTF8*$!
{
	archiveVersion = 1;
	classes = {
	};
	objectVersion = 46;
	objects = {

/* Begin PBXBuildFile section */
		952B085C1C8D7E8100D746C1 /* net_stream.c in Sources */ = {isa = PBXBuildFile; fileRef = 952B085A1C8D7E8100D746C1 /* net_stream.c */; };
/* End PBXBuildFile section */

/* Begin PBXCopyFilesBuildPhase section */
		952B07EF1C8D634C00D746C1 /* CopyFiles */ = {
			isa = PBXCopyFilesBuildPhase;
			buildActionMask = 2147483647;
			dstPath = "include/$(PRODUCT_NAME)";
			dstSubfolderSpec = 16;
			files = (
			);
			runOnlyForDeploymentPostprocessing = 0;
		};
/* End PBXCopyFilesBuildPhase section */

/* Begin PBXFileReference section */
		952B07F11C8D634C00D746C1 /* libnet_stream.a */ = {isa = PBXFileReference; explicitFileType = archive.ar; includeInIndex = 0; path = libnet_stream.a; sourceTree = BUILT_PRODUCTS_DIR; };
		952B085A1C8D7E8100D746C1 /* net_stream.c */ = {isa = PBXFileReference; fileEncoding = 4; lastKnownFileType = sourcecode.c.c; path = net_stream.c; sourceTree = "<group>"; };
		952B085B1C8D7E8100D746C1 /* net_stream.h */ = {isa = PBXFileReference; fileEncoding = 4; lastKnownFileType = sourcecode.c.h; path = net_stream.h; sourceTree = "<group>"; };
/* End PBXFileReference section */

/* Begin PBXFrameworksBuildPhase section */
		952B07EE1C8D634C00D746C1 /* Frameworks */ = {
			isa = PBXFrameworksBuildPhase;
			buildActionMask = 2147483647;
			files = (
			);
			runOnlyForDeploymentPostprocessing = 0;
		};
/* End PBXFrameworksBuildPhase section */

/* Begin PBXGroup section */
		952B07E81C8D634C00D746C1 = {
			isa = PBXGroup;
			children = (
				952B08591C8D7E8100D746C1 /* src */,
				952B07F21C8D634C00D746C1 /* Products */,
			);
			sourceTree = "<group>";
		};
		952B07F21C8D634C00D746C1 /* Products */ = {
			isa = PBXGroup;
			children = (
				952B07F11C8D634C00D746C1 /* libnet_stream.a */,
			);
			name = Products;
			sourceTree = "<group>";
		};
		952B08591C8D7E8100D746C1 /* src */ = {
			isa = PBXGroup;
			children = (
				952B085A1C8D7E8100D746C1 /* net_stream.c */,
				952B085B1C8D7E8100D746C1 /* net_stream.h */,
			);
			name = src;
			path = ../src;
			sourceTree = "<group>";
		};
/* End PBXGroup section */

/* Begin PBXNativeTarget section */
		952B07F01C8D634C00D746C1 /* net_stream */ = {
			isa = PBXNativeTarget;
			buildConfigurationList = 952B07FA1C8D634C00D746C1 /* Build configuration list for PBXNativeTarget "net_stream" */;
			buildPhases = (
				952B07ED1C8D634C00D746C1 /* Sources */,
				952B07EE1C8D634C00D746C1 /* Frameworks */,
				952B07EF1C8D634C00D746C1 /* CopyFiles */,
			);
			buildRules = (
			);
			dependencies = (
			);
			name = net_stream;
			productName = net_stream;
			productReference = 952B07F11C8D634C00D746C1 /* libnet_stream.a */;
			productType = "com.apple.product-type.library.static";
		};
/* End PBXNativeTarget section */

/* Begin PBXProject section */
		952B07E91C8D634C00D746C1 /* Project object */ = {
			isa = PBXProject;
			attributes = {
				LastUpgradeCheck = 0720;
				ORGANIZATIONNAME = hegu;
				TargetAttributes = {
					952B07F01C8D634C00D746C1 = {
						CreatedOnToolsVersion = 7.2;
					};
				};
			};
			buildConfigurationList = 952B07EC1C8D634C00D746C1 /* Build configuration list for PBXProject "net_stream" */;
			compatibilityVersion = "Xcode 3.2";
			developmentRegion = English;
			hasScannedForEncodings = 0;
			knownRegions = (
				en,
			);
			mainGroup = 952B07E81C8D634C00D746C1;
			productRefGroup = 952B07F21C8D634C00D746C1 /* Products */;
			projectDirPath = "";
			projectRoot = "";
			targets = (
				952B07F01C8D634C00D746C1 /* net_stream */,
			);
		};
/* End PBXProject section */

/* Begin PBXSourcesBuildPhase section */
		952B07ED1C8D634C00D746C1 /* Sources */ = {
			isa = PBXSourcesBuildPhase;
			buildActionMask = 2147483647;
			files = (
				952B085C1C8D7E8100D746C1 /* net_stream.c in Sources */,
			);
			runOnlyForDeploymentPostprocessing = 0;
		};
/* End PBXSourcesBuildPhase section */

/* Begin XCBuildConfiguration section */
		952B07F81C8D634C00D746C1 /* Debug */ = {
			isa = XCBuildConfiguration;
			buildSettings = {
				ALWAYS_SEARCH_USER_PATHS = NO;
				CLANG_CXX_LANGUAGE_STANDARD = "gnu++0x";
				CLANG_CXX_LIBRARY = "libc++";
				CLANG_ENABLE_MODULES = YES;
				CLANG_ENABLE_OBJC_ARC = YES;
				CLANG_WARN_BOOL_CONVERSION = YES;
				CLANG_WARN_CONSTANT_CONVERSION = YES;
				CLANG_WARN_DIRECT_OBJC_ISA_USAGE = YES_ERROR;
				CLANG_WARN_EMPTY_BODY = YES;
				CLANG_WARN_ENUM_CONVERSION = YES;
				CLANG_WARN_INT_CONVERSION = YES;
				CLANG_WARN_OBJC_ROOT_CLASS = YES_ERROR;
				CLANG_WARN_UNREACHABLE_CODE = YES;
				CLANG_WARN__DUPLICATE_METHOD_MATCH = YES;
				"CODE_SIGN_IDENTITY[sdk=iphoneos*]" = "iPhone Developer";
				COPY_PHASE_STRIP = NO;
				DEBUG_INFORMATION_FORMAT = dwarf;
				ENABLE_STRICT_OBJC_MSGSEND = YES;
				ENABLE_TESTABILITY = YES;
				GCC_C_LANGUAGE_STANDARD = gnu99;
				GCC_DYNAMIC_NO_PIC = NO;
				GCC_NO_COMMON_BLOCKS = YES;
				GCC_OPTIMIZATION_LEVEL = 0;
				GCC_PREPROCESSOR_DEFINITIONS = (
					"DEBUG=1",
					"$(inherited)",
				);
				GCC_WARN_64_TO_32_BIT_CONVERSION = YES;
				GCC_WARN_ABOUT_RETURN_TYPE = YES_ERROR;
				GCC_WARN_UNDECLARED_SELECTOR = YES;
				GCC_WARN_UNINITIALIZED_AUTOS = YES_AGGRESSIVE;
				GCC_WARN_UNUSED_FUNCTION = YES;
				GCC_WARN_UNUSED_VARIABLE = YES;
				IPHONEOS_DEPLOYMENT_TARGET = 9.2;
				MTL_ENABLE_DEBUG_INFO = YES;
				ONLY_ACTIVE_ARCH = YES;
				SDKROOT = iphoneos;
			};
			name = Debug;
		};
		952B07F91C8D634C00D746C1 /* Release */ = {
			isa = XCBuildConfiguration;
			buildSettings = {
				ALWAYS_SEARCH_USER_PATHS = NO;
				CLANG_CXX_LANGUAGE_STANDARD = "gnu++0x";
				CLANG_CXX_LIBRARY = "libc++";
				CLANG_ENABLE_MODULES = YES;
				CLANG_ENABLE_OBJC_ARC = YES;
				CLANG_WARN_BOOL_CONVERSION = YES;
				CLANG_WARN_CONSTANT_CONVERSION = YES;
				CLANG_WARN_DIRECT_OBJC_ISA_USAGE = YES_ERROR;
				CLANG_WARN_EMPTY_BODY = YES;
				CLANG_WARN_ENUM_CONVERSION = YES;
				CLANG_WARN_INT_CONVERSION = YES;
				CLANG_WARN_OBJC_ROOT_CLASS = YES_ERROR;
				CLANG_WARN_UNREACHABLE_CODE = YES;
				CLANG_WARN__DUPLICATE_METHOD_MATCH = YES;
				"CODE_SIGN_IDENTITY[sdk=iphoneos*]" = "iPhone Developer";
				COPY_PHASE_STRIP = NO;
				DEBUG_INFORMATION_FORMAT = "dwarf-with-dsym";
				ENABLE_NS_ASSERTIONS = NO;
				ENABLE_STRICT_OBJC_MSGSEND = YES;
				GCC_C_LANGUAGE_STANDARD = gnu99;
				GCC_NO_COMMON_BLOCKS = YES;
				GCC_WARN_64_TO_32_BIT_CONVERSION = YES;
				GCC_WARN_ABOUT_RETURN_TYPE = YES_ERROR;
				GCC_WARN_UNDECLARED_SELECTOR = YES;
				GCC_WARN_UNINITIALIZED_AUTOS = YES_AGGRESSIVE;
				GCC_WARN_UNUSED_FUNCTION = YES;
				GCC_WARN_UNUSED_VARIABLE = YES;
				IPHONEOS_DEPLOYMENT_TARGET = 9.2;
				MTL_ENABLE_DEBUG_INFO = NO;
				SDKROOT = iphoneos;
				VALIDATE_PRODUCT = YES;
			};
			name = Release;
		};
		952B07FB1C8D634C00D746C1 /* Debug */ = {
			isa = XCBuildConfiguration;
			buildSettings = {
				OTHER_LDFLAGS = "-ObjC";
				PRODUCT_NAME = "$(TARGET_NAME)";
				SKIP_INSTALL = YES;
			};
			name = Debug;
		};
		952B07FC1C8D634C00D746C1 /* Release */ = {
			isa = XCBuildConfiguration;
			buildSettings = {
				OTHER_LDFLAGS = "-ObjC";
				PRODUCT_NAME = "$(TARGET_NAME)";
				SKIP_INSTALL = YES;
			};
			name = Release;
		};
/* End XCBuildConfiguration section */

/* Begin XCConfigurationList section */
		952B07EC1C8D634C00D746C1 /* Build configuration list for PBXProject "net_stream" */ = {
			isa = XCConfigurationList;
			buildConfigurations = (
				952B07F81C8D634C00D746C1 /* Debug */,
				952B07F91C8D634C00D746C1 /* Release */,
			);
			defaultConfigurationIsVisible = 0;
			defaultConfigurationName = Release;
		};
		952B07FA1C8D634C00D746C1 /* Build configuration list for PBXNativeTarget "net_stream" */ = {
			isa = XCConfigurationList;
			buildConfigurations = (
				952B07FB1C8D634C00D746C1 /* Debug */,
				952B07FC1C8D634C00D746C1 /* Release */,
			);
			defaultConfigurationIsVisible = 0;
			defaultConfigurationName = Release;
		};
/* End XCConfigurationList section */
	};
	rootObject = 952B07E91C8D634C00D746C1 /* Project object */;
}
